lockfileVersion: '9.0'

settings:
  autoInstallPeers: true
  excludeLinksFromLockfile: false

importers:

  .:
    dependencies:
      ultramatter:
        specifier: ^0.0.4
        version: 0.0.4
    devDependencies:
      husky:
        specifier: ^9.1.7
        version: 9.1.7

packages:

  husky@9.1.7:
    resolution: {integrity: sha512-5gs5ytaNjBrh5Ow3zrvdUUY+0VxIuWVL4i9irt6friV+BqdCfmV11CQTWMiBYWHbXhco+J1kHfTOUkePhCDvMA==}
    engines: {node: '>=18'}
    hasBin: true

  ultramatter@0.0.4:
    resolution: {integrity: sha512-1f/hO3mR+/Hgue4eInOF/Qm/wzDqwhYha4DxM0hre9YIUyso3fE2XtrAU6B4njLqTC8CM49EZaYgsVSa+dXHGw==}

snapshots:

  husky@9.1.7: {}

  ultramatter@0.0.4: {}
